// !$*UTF8*$!
{
	archiveVersion = 1;
	classes = {
	};
	objectVersion = 56;
	objects = {

/* Begin PBXBuildFile section */
		6B2152C22EE8511500188D31 /* LocationServices.swift in Sources */ = {isa = PBXBuildFile; fileRef = 6B2152C12EE8511500188D31 /* LocationServices.swift */; };
		6B2152D22EE8E75400188D31 /* CLCircularRegionTransformer.swift in Sources */ = {isa = PBXBuildFile; fileRef = 6B2152D12EE8E75400188D31 /* CLCircularRegionTransformer.swift */; };
		6B2152D62EEB261F00188D31 /* Week.swift in Sources */ = {isa = PBXBuildFile; fileRef = 6B2152D52EEB261F00188D31 /* Week.swift */; };
		6B2152DC2EEB31F100188D31 /* QuestManagerView.swift in Sources */ = {isa = PBXBuildFile; fileRef = 6B2152DB2EEB31F100188D31 /* QuestManagerView.swift */; };
		6B2152DE2EEB31FE00188D31 /* ScheduleManagerView.swift in Sources */ = {isa = PBXBuildFile; fileRef = 6B2152DD2EEB31FE00188D31 /* ScheduleManagerView.swift */; };
		6B2152E42EEB3C0900188D31 /* MainView.swift in Sources */ = {isa = PBXBuildFile; fileRef = 6B2152E32EEB3C0900188D31 /* MainView.swift */; };
		6B2153232EEC2BEB00188D31 /* QuestView.swift in Sources */ = {isa = PBXBuildFile; fileRef = 6B2153222EEC2BEB00188D31 /* QuestView.swift */; };
		6B21533B2EECBFF100188D31 /* Schedule+CoreDataClass.swift in Sources */ = {isa = PBXBuildFile; fileRef = 6B2153372EECBFF100188D31 /* Schedule+CoreDataClass.swift */; };
		6B21533C2EECBFF100188D31 /* Schedule+CoreDataProperties.swift in Sources */ = {isa = PBXBuildFile; fileRef = 6B2153382EECBFF100188D31 /* Schedule+CoreDataProperties.swift */; };
		6B2153402EECEC0900188D31 /* ScheduleView.swift in Sources */ = {isa = PBXBuildFile; fileRef = 6B21533F2EECEC0900188D31 /* ScheduleView.swift */; };
		6B24FE3D2F1E59E9002B3042 /* QuestRewardManagerView.swift in Sources */ = {isa = PBXBuildFile; fileRef = 6B24FE3C2F1E59E9002B3042 /* QuestRewardManagerView.swift */; };
		6B7386AF2F1E53510076E77F /* Quest.swift in Sources */ = {isa = PBXBuildFile; fileRef = 6B7386AE2F1E53510076E77F /* Quest.swift */; };
		6B7386B22F1E539C0076E77F /* QuestReward+CoreDataClass.swift in Sources */ = {isa = PBXBuildFile; fileRef = 6B7386B02F1E539C0076E77F /* QuestReward+CoreDataClass.swift */; };
		6B7386B32F1E539C0076E77F /* QuestReward+CoreDataProperties.swift in Sources */ = {isa = PBXBuildFile; fileRef = 6B7386B12F1E539C0076E77F /* QuestReward+CoreDataProperties.swift */; };
		6B7A48B62F0033C7002102FE /* QuestTask+CoreDataClass.swift in Sources */ = {isa = PBXBuildFile; fileRef = 6B7A48B42F0033C7002102FE /* QuestTask+CoreDataClass.swift */; };
		6B7A48B72F0033C7002102FE /* QuestTask+CoreDataProperties.swift in Sources */ = {isa = PBXBuildFile; fileRef = 6B7A48B52F0033C7002102FE /* QuestTask+CoreDataProperties.swift */; };
		6B7A48BA2F00370B002102FE /* LocationOccupationQuestTask+CoreDataClass.swift in Sources */ = {isa = PBXBuildFile; fileRef = 6B7A48B82F00370B002102FE /* LocationOccupationQuestTask+CoreDataClass.swift */; };
		6B7A48BB2F00370B002102FE /* LocationOccupationQuestTask+CoreDataProperties.swift in Sources */ = {isa = PBXBuildFile; fileRef = 6B7A48B92F00370B002102FE /* LocationOccupationQuestTask+CoreDataProperties.swift */; };
		6B7A48C62F00CAA9002102FE /* Quest+CoreDataClass.swift in Sources */ = {isa = PBXBuildFile; fileRef = 6B7A48C42F00CAA9002102FE /* Quest+CoreDataClass.swift */; };
		6B7A48C72F00CAA9002102FE /* Quest+CoreDataProperties.swift in Sources */ = {isa = PBXBuildFile; fileRef = 6B7A48C52F00CAA9002102FE /* Quest+CoreDataProperties.swift */; };
		6B7A48CA2F019263002102FE /* Checkbox.swift in Sources */ = {isa = PBXBuildFile; fileRef = 6B7A48C92F019263002102FE /* Checkbox.swift */; };
		6B7A48CF2F02E1D3002102FE /* LocationTaskView.swift in Sources */ = {isa = PBXBuildFile; fileRef = 6B7A48CE2F02E1D3002102FE /* LocationTaskView.swift */; };
		6B7A48D12F02E31F002102FE /* UIViewtoViewWrapper.swift in Sources */ = {isa = PBXBuildFile; fileRef = 6B7A48D02F02E31F002102FE /* UIViewtoViewWrapper.swift */; };
		6B7A48D32F04109E002102FE /* QuestTaskEditView.swift in Sources */ = {isa = PBXBuildFile; fileRef = 6B7A48D22F04109E002102FE /* QuestTaskEditView.swift */; };
		6B7A48D72F04BDE5002102FE /* TextFieldOverload.swift in Sources */ = {isa = PBXBuildFile; fileRef = 6B7A48D62F04BDE5002102FE /* TextFieldOverload.swift */; };
		6B7A48DC2F06163C002102FE /* Schedule.swift in Sources */ = {isa = PBXBuildFile; fileRef = 6B7A48DB2F06163C002102FE /* Schedule.swift */; };
		6B7A48DF2F064EA3002102FE /* LocationTaskViewModel.swift in Sources */ = {isa = PBXBuildFile; fileRef = 6B7A48DE2F064EA3002102FE /* LocationTaskViewModel.swift */; };
		6B9E6D482F31789F000C403D /* StagedButton.swift in Sources */ = {isa = PBXBuildFile; fileRef = 6B9E6D472F31789F000C403D /* StagedButton.swift */; };
		6BA3F8672ED8BF4F00EBE046 /* PQPrototypeApp.swift in Sources */ = {isa = PBXBuildFile; fileRef = 6BA3F8662ED8BF4F00EBE046 /* PQPrototypeApp.swift */; };
		6BA3F86B2ED8BF5200EBE046 /* Assets.xcassets in Resources */ = {isa = PBXBuildFile; fileRef = 6BA3F86A2ED8BF5200EBE046 /* Assets.xcassets */; };
		6BA3F86E2ED8BF5200EBE046 /* Preview Assets.xcassets in Resources */ = {isa = PBXBuildFile; fileRef = 6BA3F86D2ED8BF5200EBE046 /* Preview Assets.xcassets */; };
		6BA3F8702ED8BF5200EBE046 /* Persistence.swift in Sources */ = {isa = PBXBuildFile; fileRef = 6BA3F86F2ED8BF5200EBE046 /* Persistence.swift */; };
		6BA3F8732ED8BF5200EBE046 /* PQPrototype.xcdatamodeld in Sources */ = {isa = PBXBuildFile; fileRef = 6BA3F8712ED8BF5200EBE046 /* PQPrototype.xcdatamodeld */; };
		6BA3F87D2ED8BF5200EBE046 /* PQPrototypeTests.swift in Sources */ = {isa = PBXBuildFile; fileRef = 6BA3F87C2ED8BF5200EBE046 /* PQPrototypeTests.swift */; };
		6BA3F8872ED8BF5200EBE046 /* PQPrototypeUITests.swift in Sources */ = {isa = PBXBuildFile; fileRef = 6BA3F8862ED8BF5200EBE046 /* PQPrototypeUITests.swift */; };
		6BA3F8892ED8BF5200EBE046 /* PQPrototypeUITestsLaunchTests.swift in Sources */ = {isa = PBXBuildFile; fileRef = 6BA3F8882ED8BF5200EBE046 /* PQPrototypeUITestsLaunchTests.swift */; };
		6BA5CD662F2D974000D07596 /* DateCompare.swift in Sources */ = {isa = PBXBuildFile; fileRef = 6BA5CD652F2D974000D07596 /* DateCompare.swift */; };
		6BA5CD682F2E64B900D07596 /* WeekTransformer.swift in Sources */ = {isa = PBXBuildFile; fileRef = 6BA5CD672F2E64B900D07596 /* WeekTransformer.swift */; };
		6BA9DDBF2F3CEA2C00AF1B06 /* Quest2QuestV2.swift in Sources */ = {isa = PBXBuildFile; fileRef = 6BA9DDBE2F3CEA2C00AF1B06 /* Quest2QuestV2.swift */; };
		6BA9DDC22F3CED8F00AF1B06 /* LocationOccupationQuestTask.swift in Sources */ = {isa = PBXBuildFile; fileRef = 6BA9DDC12F3CED8F00AF1B06 /* LocationOccupationQuestTask.swift */; };
		6BA9DDC42F3CEDAC00AF1B06 /* QuestTask.swift in Sources */ = {isa = PBXBuildFile; fileRef = 6BA9DDC32F3CEDAC00AF1B06 /* QuestTask.swift */; };
		6BA9DDC62F3CEDC500AF1B06 /* QuestReward.swift in Sources */ = {isa = PBXBuildFile; fileRef = 6BA9DDC52F3CEDC500AF1B06 /* QuestReward.swift */; };
/* End PBXBuildFile section */

/* Begin PBXContainerItemProxy section */
		6BA3F8792ED8BF5200EBE046 /* PBXContainerItemProxy */ = {
			isa = PBXContainerItemProxy;
			containerPortal = 6BA3F85B2ED8BF4F00EBE046 /* Project object */;
			proxyType = 1;
			remoteGlobalIDString = 6BA3F8622ED8BF4F00EBE046;
			remoteInfo = PQPrototype;
		};
		6BA3F8832ED8BF5200EBE046 /* PBXContainerItemProxy */ = {
			isa = PBXContainerItemProxy;
			containerPortal = 6BA3F85B2ED8BF4F00EBE046 /* Project object */;
			proxyType = 1;
			remoteGlobalIDString = 6BA3F8622ED8BF4F00EBE046;
			remoteInfo = PQPrototype;
		};
/* End PBXContainerItemProxy section */

/* Begin PBXFileReference section */
		6B2152C12EE8511500188D31 /* LocationServices.swift */ = {isa = PBXFileReference; lastKnownFileType = sourcecode.swift; path = LocationServices.swift; sourceTree = "<group>"; };
		6B2152D12EE8E75400188D31 /* CLCircularRegionTransformer.swift */ = {isa = PBXFileReference; lastKnownFileType = sourcecode.swift; path = CLCircularRegionTransformer.swift; sourceTree = "<group>"; };
		6B2152D52EEB261F00188D31 /* Week.swift */ = {isa = PBXFileReference; lastKnownFileType = sourcecode.swift; path = Week.swift; sourceTree = "<group>"; };
		6B2152DB2EEB31F100188D31 /* QuestManagerView.swift */ = {isa = PBXFileReference; lastKnownFileType = sourcecode.swift; path = QuestManagerView.swift; sourceTree = "<group>"; };
		6B2152DD2EEB31FE00188D31 /* ScheduleManagerView.swift */ = {isa = PBXFileReference; lastKnownFileType = sourcecode.swift; path = ScheduleManagerView.swift; sourceTree = "<group>"; };
		6B2152E32EEB3C0900188D31 /* MainView.swift */ = {isa = PBXFileReference; lastKnownFileType = sourcecode.swift; path = MainView.swift; sourceTree = "<group>"; };
		6B2153222EEC2BEB00188D31 /* QuestView.swift */ = {isa = PBXFileReference; lastKnownFileType = sourcecode.swift; path = QuestView.swift; sourceTree = "<group>"; };
		6B2153372EECBFF100188D31 /* Schedule+CoreDataClass.swift */ = {isa = PBXFileReference; lastKnownFileType = sourcecode.swift; path = "Schedule+CoreDataClass.swift"; sourceTree = "<group>"; };
		6B2153382EECBFF100188D31 /* Schedule+CoreDataProperties.swift */ = {isa = PBXFileReference; lastKnownFileType = sourcecode.swift; path = "Schedule+CoreDataProperties.swift"; sourceTree = "<group>"; };
		6B21533F2EECEC0900188D31 /* ScheduleView.swift */ = {isa = PBXFileReference; lastKnownFileType = sourcecode.swift; path = ScheduleView.swift; sourceTree = "<group>"; };
		6B24FE3C2F1E59E9002B3042 /* QuestRewardManagerView.swift */ = {isa = PBXFileReference; lastKnownFileType = sourcecode.swift; path = QuestRewardManagerView.swift; sourceTree = "<group>"; };
		6B7386AE2F1E53510076E77F /* Quest.swift */ = {isa = PBXFileReference; lastKnownFileType = sourcecode.swift; path = Quest.swift; sourceTree = "<group>"; };
		6B7386B02F1E539C0076E77F /* QuestReward+CoreDataClass.swift */ = {isa = PBXFileReference; lastKnownFileType = sourcecode.swift; path = "QuestReward+CoreDataClass.swift"; sourceTree = "<group>"; };
		6B7386B12F1E539C0076E77F /* QuestReward+CoreDataProperties.swift */ = {isa = PBXFileReference; lastKnownFileType = sourcecode.swift; path = "QuestReward+CoreDataProperties.swift"; sourceTree = "<group>"; };
		6B7A48B42F0033C7002102FE /* QuestTask+CoreDataClass.swift */ = {isa = PBXFileReference; lastKnownFileType = sourcecode.swift; path = "QuestTask+CoreDataClass.swift"; sourceTree = "<group>"; };
		6B7A48B52F0033C7002102FE /* QuestTask+CoreDataProperties.swift */ = {isa = PBXFileReference; lastKnownFileType = sourcecode.swift; path = "QuestTask+CoreDataProperties.swift"; sourceTree = "<group>"; };
		6B7A48B82F00370B002102FE /* LocationOccupationQuestTask+CoreDataClass.swift */ = {isa = PBXFileReference; lastKnownFileType = sourcecode.swift; path = "LocationOccupationQuestTask+CoreDataClass.swift"; sourceTree = "<group>"; };
		6B7A48B92F00370B002102FE /* LocationOccupationQuestTask+CoreDataProperties.swift */ = {isa = PBXFileReference; lastKnownFileType = sourcecode.swift; path = "LocationOccupationQuestTask+CoreDataProperties.swift"; sourceTree = "<group>"; };
		6B7A48C42F00CAA9002102FE /* Quest+CoreDataClass.swift */ = {isa = PBXFileReference; lastKnownFileType = sourcecode.swift; path = "Quest+CoreDataClass.swift"; sourceTree = "<group>"; };
		6B7A48C52F00CAA9002102FE /* Quest+CoreDataProperties.swift */ = {isa = PBXFileReference; lastKnownFileType = sourcecode.swift; path = "Quest+CoreDataProperties.swift"; sourceTree = "<group>"; };
		6B7A48C92F019263002102FE /* Checkbox.swift */ = {isa = PBXFileReference; lastKnownFileType = sourcecode.swift; path = Checkbox.swift; sourceTree = "<group>"; };
		6B7A48CE2F02E1D3002102FE /* LocationTaskView.swift */ = {isa = PBXFileReference; lastKnownFileType = sourcecode.swift; path = LocationTaskView.swift; sourceTree = "<group>"; };
		6B7A48D02F02E31F002102FE /* UIViewtoViewWrapper.swift */ = {isa = PBXFileReference; lastKnownFileType = sourcecode.swift; path = UIViewtoViewWrapper.swift; sourceTree = "<group>"; };
		6B7A48D22F04109E002102FE /* QuestTaskEditView.swift */ = {isa = PBXFileReference; lastKnownFileType = sourcecode.swift; path = QuestTaskEditView.swift; sourceTree = "<group>"; };
		6B7A48D62F04BDE5002102FE /* TextFieldOverload.swift */ = {isa = PBXFileReference; lastKnownFileType = sourcecode.swift; path = TextFieldOverload.swift; sourceTree = "<group>"; };
		6B7A48DB2F06163C002102FE /* Schedule.swift */ = {isa = PBXFileReference; lastKnownFileType = sourcecode.swift; path = Schedule.swift; sourceTree = "<group>"; };
		6B7A48DD2F064964002102FE /* Info.plist */ = {isa = PBXFileReference; lastKnownFileType = text.plist; path = Info.plist; sourceTree = "<group>"; };
		6B7A48DE2F064EA3002102FE /* LocationTaskViewModel.swift */ = {isa = PBXFileReference; lastKnownFileType = sourcecode.swift; path = LocationTaskViewModel.swift; sourceTree = "<group>"; };
		6B9E6D472F31789F000C403D /* StagedButton.swift */ = {isa = PBXFileReference; lastKnownFileType = sourcecode.swift; path = StagedButton.swift; sourceTree = "<group>"; };
		6BA3F8632ED8BF4F00EBE046 /* PQPrototype.app */ = {isa = PBXFileReference; explicitFileType = wrapper.application; includeInIndex = 0; path = PQPrototype.app; sourceTree = BUILT_PRODUCTS_DIR; };
		6BA3F8662ED8BF4F00EBE046 /* PQPrototypeApp.swift */ = {isa = PBXFileReference; lastKnownFileType = sourcecode.swift; path = PQPrototypeApp.swift; sourceTree = "<group>"; };
		6BA3F86A2ED8BF5200EBE046 /* Assets.xcassets */ = {isa = PBXFileReference; lastKnownFileType = folder.assetcatalog; path = Assets.xcassets; sourceTree = "<group>"; };
		6BA3F86D2ED8BF5200EBE046 /* Preview Assets.xcassets */ = {isa = PBXFileReference; lastKnownFileType = folder.assetcatalog; path = "Preview Assets.xcassets"; sourceTree = "<group>"; };
		6BA3F86F2ED8BF5200EBE046 /* Persistence.swift */ = {isa = PBXFileReference; lastKnownFileType = sourcecode.swift; path = Persistence.swift; sourceTree = "<group>"; };
		6BA3F8722ED8BF5200EBE046 /* PQPrototype.xcdatamodel */ = {isa = PBXFileReference; lastKnownFileType = wrapper.xcdatamodel; path = PQPrototype.xcdatamodel; sourceTree = "<group>"; };
		6BA3F8782ED8BF5200EBE046 /* PQPrototypeTests.xctest */ = {isa = PBXFileReference; explicitFileType = wrapper.cfbundle; includeInIndex = 0; path = PQPrototypeTests.xctest; sourceTree = BUILT_PRODUCTS_DIR; };
		6BA3F87C2ED8BF5200EBE046 /* PQPrototypeTests.swift */ = {isa = PBXFileReference; lastKnownFileType = sourcecode.swift; path = PQPrototypeTests.swift; sourceTree = "<group>"; };
		6BA3F8822ED8BF5200EBE046 /* PQPrototypeUITests.xctest */ = {isa = PBXFileReference; explicitFileType = wrapper.cfbundle; includeInIndex = 0; path = PQPrototypeUITests.xctest; sourceTree = BUILT_PRODUCTS_DIR; };
		6BA3F8862ED8BF5200EBE046 /* PQPrototypeUITests.swift */ = {isa = PBXFileReference; lastKnownFileType = sourcecode.swift; path = PQPrototypeUITests.swift; sourceTree = "<group>"; };
		6BA3F8882ED8BF5200EBE046 /* PQPrototypeUITestsLaunchTests.swift */ = {isa = PBXFileReference; lastKnownFileType = sourcecode.swift; path = PQPrototypeUITestsLaunchTests.swift; sourceTree = "<group>"; };
		6BA5CD652F2D974000D07596 /* DateCompare.swift */ = {isa = PBXFileReference; lastKnownFileType = sourcecode.swift; path = DateCompare.swift; sourceTree = "<group>"; };
		6BA5CD672F2E64B900D07596 /* WeekTransformer.swift */ = {isa = PBXFileReference; lastKnownFileType = sourcecode.swift; path = WeekTransformer.swift; sourceTree = "<group>"; };
		6BA9DDBA2F3BA19C00AF1B06 /* PQPrototype 2.xcdatamodel */ = {isa = PBXFileReference; lastKnownFileType = wrapper.xcdatamodel; path = "PQPrototype 2.xcdatamodel"; sourceTree = "<group>"; };
		6BA9DDBE2F3CEA2C00AF1B06 /* Quest2QuestV2.swift */ = {isa = PBXFileReference; lastKnownFileType = sourcecode.swift; path = Quest2QuestV2.swift; sourceTree = "<group>"; };
		6BA9DDC12F3CED8F00AF1B06 /* LocationOccupationQuestTask.swift */ = {isa = PBXFileReference; lastKnownFileType = sourcecode.swift; path = LocationOccupationQuestTask.swift; sourceTree = "<group>"; };
		6BA9DDC32F3CEDAC00AF1B06 /* QuestTask.swift */ = {isa = PBXFileReference; lastKnownFileType = sourcecode.swift; path = QuestTask.swift; sourceTree = "<group>"; };
		6BA9DDC52F3CEDC500AF1B06 /* QuestReward.swift */ = {isa = PBXFileReference; lastKnownFileType = sourcecode.swift; path = QuestReward.swift; sourceTree = "<group>"; };
/* End PBXFileReference section */

/* Begin PBXFrameworksBuildPhase section */
		6BA3F8602ED8BF4F00EBE046 /* Frameworks */ = {
			isa = PBXFrameworksBuildPhase;
			buildActionMask = 2147483647;
			files = (
			);
			runOnlyForDeploymentPostprocessing = 0;
		};
		6BA3F8752ED8BF5200EBE046 /* Frameworks */ = {
			isa = PBXFrameworksBuildPhase;
			buildActionMask = 2147483647;
			files = (
			);
			runOnlyForDeploymentPostprocessing = 0;
		};
		6BA3F87F2ED8BF5200EBE046 /* Frameworks */ = {
			isa = PBXFrameworksBuildPhase;
			buildActionMask = 2147483647;
			files = (
			);
			runOnlyForDeploymentPostprocessing = 0;
		};
/* End PBXFrameworksBuildPhase section */

/* Begin PBXGroup section */
		6B2152BB2EE84EE200188D31 /* Models */ = {
			isa = PBXGroup;
			children = (
				6BA9DDC02F3CED5700AF1B06 /* CoreDataExts */,
				6B2152D02EE8E72F00188D31 /* CoreDataTransformers */,
				6B2152D52EEB261F00188D31 /* Week.swift */,
			);
			path = Models;
			sourceTree = "<group>";
		};
		6B2152CF2EE8E72700188D31 /* Test */ = {
			isa = PBXGroup;
			children = (
				6B9E6D472F31789F000C403D /* StagedButton.swift */,
			);
			path = Test;
			sourceTree = "<group>";
		};
		6B2152D02EE8E72F00188D31 /* CoreDataTransformers */ = {
			isa = PBXGroup;
			children = (
				6B2152D12EE8E75400188D31 /* CLCircularRegionTransformer.swift */,
				6BA5CD672F2E64B900D07596 /* WeekTransformer.swift */,
			);
			path = CoreDataTransformers;
			sourceTree = "<group>";
		};
		6B2153202EEC28E100188D31 /* MainViews */ = {
			isa = PBXGroup;
			children = (
				6B2153212EEC2BA400188D31 /* IndividualObjectViews */,
				6B2152DB2EEB31F100188D31 /* QuestManagerView.swift */,
				6B2152DD2EEB31FE00188D31 /* ScheduleManagerView.swift */,
				6B2152E32EEB3C0900188D31 /* MainView.swift */,
				6B24FE3C2F1E59E9002B3042 /* QuestRewardManagerView.swift */,
			);
			path = MainViews;
			sourceTree = "<group>";
		};
		6B2153212EEC2BA400188D31 /* IndividualObjectViews */ = {
			isa = PBXGroup;
			children = (
				6B7A48CD2F02E1A2002102FE /* TaskEditViews */,
				6B21533F2EECEC0900188D31 /* ScheduleView.swift */,
				6B2153222EEC2BEB00188D31 /* QuestView.swift */,
			);
			path = IndividualObjectViews;
			sourceTree = "<group>";
		};
		6B7A48C82F019255002102FE /* utils */ = {
			isa = PBXGroup;
			children = (
				6B2152C12EE8511500188D31 /* LocationServices.swift */,
				6B7A48C92F019263002102FE /* Checkbox.swift */,
				6B7A48D02F02E31F002102FE /* UIViewtoViewWrapper.swift */,
				6B7A48D62F04BDE5002102FE /* TextFieldOverload.swift */,
				6BA5CD652F2D974000D07596 /* DateCompare.swift */,
			);
			path = utils;
			sourceTree = "<group>";
		};
		6B7A48CD2F02E1A2002102FE /* TaskEditViews */ = {
			isa = PBXGroup;
			children = (
				6B7A48CE2F02E1D3002102FE /* LocationTaskView.swift */,
				6B7A48D22F04109E002102FE /* QuestTaskEditView.swift */,
				6B7A48DE2F064EA3002102FE /* LocationTaskViewModel.swift */,
			);
			path = TaskEditViews;
			sourceTree = "<group>";
		};
		6BA3F85A2ED8BF4F00EBE046 = {
			isa = PBXGroup;
			children = (
				6BA3F8652ED8BF4F00EBE046 /* PQPrototype */,
				6BA3F87B2ED8BF5200EBE046 /* PQPrototypeTests */,
				6BA3F8852ED8BF5200EBE046 /* PQPrototypeUITests */,
				6BA3F8642ED8BF4F00EBE046 /* Products */,
			);
			sourceTree = "<group>";
		};
		6BA3F8642ED8BF4F00EBE046 /* Products */ = {
			isa = PBXGroup;
			children = (
				6BA3F8632ED8BF4F00EBE046 /* PQPrototype.app */,
				6BA3F8782ED8BF5200EBE046 /* PQPrototypeTests.xctest */,
				6BA3F8822ED8BF5200EBE046 /* PQPrototypeUITests.xctest */,
			);
			name = Products;
			sourceTree = "<group>";
		};
		6BA3F8652ED8BF4F00EBE046 /* PQPrototype */ = {
			isa = PBXGroup;
			children = (
				6BA9DDBB2F3CE95900AF1B06 /* Persistence */,
				6B7A48DD2F064964002102FE /* Info.plist */,
				6B7A48C82F019255002102FE /* utils */,
				6B2153202EEC28E100188D31 /* MainViews */,
				6B2152CF2EE8E72700188D31 /* Test */,
				6B2152BB2EE84EE200188D31 /* Models */,
				6BA3F8662ED8BF4F00EBE046 /* PQPrototypeApp.swift */,
				6BA3F86A2ED8BF5200EBE046 /* Assets.xcassets */,
				6BA3F86C2ED8BF5200EBE046 /* Preview Content */,
			);
			path = PQPrototype;
			sourceTree = "<group>";
		};
		6BA3F86C2ED8BF5200EBE046 /* Preview Content */ = {
			isa = PBXGroup;
			children = (
				6BA3F86D2ED8BF5200EBE046 /* Preview Assets.xcassets */,
			);
			path = "Preview Content";
			sourceTree = "<group>";
		};
		6BA3F87B2ED8BF5200EBE046 /* PQPrototypeTests */ = {
			isa = PBXGroup;
			children = (
				6BA3F87C2ED8BF5200EBE046 /* PQPrototypeTests.swift */,
			);
			path = PQPrototypeTests;
			sourceTree = "<group>";
		};
		6BA3F8852ED8BF5200EBE046 /* PQPrototypeUITests */ = {
			isa = PBXGroup;
			children = (
				6BA3F8862ED8BF5200EBE046 /* PQPrototypeUITests.swift */,
				6BA3F8882ED8BF5200EBE046 /* PQPrototypeUITestsLaunchTests.swift */,
			);
			path = PQPrototypeUITests;
			sourceTree = "<group>";
		};
		6BA9DDBB2F3CE95900AF1B06 /* Persistence */ = {
			isa = PBXGroup;
			children = (
				6BA9DDBD2F3CEA0900AF1B06 /* Migrations */,
				6BA9DDBC2F3CE9F500AF1B06 /* Entities */,
				6BA3F86F2ED8BF5200EBE046 /* Persistence.swift */,
				6BA3F8712ED8BF5200EBE046 /* PQPrototype.xcdatamodeld */,
			);
			path = Persistence;
			sourceTree = "<group>";
		};
		6BA9DDBC2F3CE9F500AF1B06 /* Entities */ = {
			isa = PBXGroup;
			children = (
				6B7A48C42F00CAA9002102FE /* Quest+CoreDataClass.swift */,
				6B7A48C52F00CAA9002102FE /* Quest+CoreDataProperties.swift */,
				6B7A48B82F00370B002102FE /* LocationOccupationQuestTask+CoreDataClass.swift */,
				6B7A48B92F00370B002102FE /* LocationOccupationQuestTask+CoreDataProperties.swift */,
				6B7A48B42F0033C7002102FE /* QuestTask+CoreDataClass.swift */,
				6B7A48B52F0033C7002102FE /* QuestTask+CoreDataProperties.swift */,
				6B2153372EECBFF100188D31 /* Schedule+CoreDataClass.swift */,
				6B2153382EECBFF100188D31 /* Schedule+CoreDataProperties.swift */,
				6B7386B02F1E539C0076E77F /* QuestReward+CoreDataClass.swift */,
				6B7386B12F1E539C0076E77F /* QuestReward+CoreDataProperties.swift */,
			);
			path = Entities;
			sourceTree = "<group>";
		};
		6BA9DDBD2F3CEA0900AF1B06 /* Migrations */ = {
			isa = PBXGroup;
			children = (
				6BA9DDBE2F3CEA2C00AF1B06 /* Quest2QuestV2.swift */,
			);
			path = Migrations;
			sourceTree = "<group>";
		};
		6BA9DDC02F3CED5700AF1B06 /* CoreDataExts */ = {
			isa = PBXGroup;
			children = (
				6B7386AE2F1E53510076E77F /* Quest.swift */,
				6B7A48DB2F06163C002102FE /* Schedule.swift */,
				6BA9DDC12F3CED8F00AF1B06 /* LocationOccupationQuestTask.swift */,
				6BA9DDC32F3CEDAC00AF1B06 /* QuestTask.swift */,
				6BA9DDC52F3CEDC500AF1B06 /* QuestReward.swift */,
			);
			path = CoreDataExts;
			sourceTree = "<group>";
		};
/* End PBXGroup section */

/* Begin PBXNativeTarget section */
		6BA3F8622ED8BF4F00EBE046 /* PQPrototype */ = {
			isa = PBXNativeTarget;
			buildConfigurationList = 6BA3F88C2ED8BF5200EBE046 /* Build configuration list for PBXNativeTarget "PQPrototype" */;
			buildPhases = (
				6BA3F85F2ED8BF4F00EBE046 /* Sources */,
				6BA3F8602ED8BF4F00EBE046 /* Frameworks */,
				6BA3F8612ED8BF4F00EBE046 /* Resources */,
			);
			buildRules = (
			);
			dependencies = (
			);
			name = PQPrototype;
			productName = PQPrototype;
			productReference = 6BA3F8632ED8BF4F00EBE046 /* PQPrototype.app */;
			productType = "com.apple.product-type.application";
		};
		6BA3F8772ED8BF5200EBE046 /* PQPrototypeTests */ = {
			isa = PBXNativeTarget;
			buildConfigurationList = 6BA3F88F2ED8BF5200EBE046 /* Build configuration list for PBXNativeTarget "PQPrototypeTests" */;
			buildPhases = (
				6BA3F8742ED8BF5200EBE046 /* Sources */,
				6BA3F8752ED8BF5200EBE046 /* Frameworks */,
				6BA3F8762ED8BF5200EBE046 /* Resources */,
			);
			buildRules = (
			);
			dependencies = (
				6BA3F87A2ED8BF5200EBE046 /* PBXTargetDependency */,
			);
			name = PQPrototypeTests;
			productName = PQPrototypeTests;
			productReference = 6BA3F8782ED8BF5200EBE046 /* PQPrototypeTests.xctest */;
			productType = "com.apple.product-type.bundle.unit-test";
		};
		6BA3F8812ED8BF5200EBE046 /* PQPrototypeUITests */ = {
			isa = PBXNativeTarget;
			buildConfigurationList = 6BA3F8922ED8BF5200EBE046 /* Build configuration list for PBXNativeTarget "PQPrototypeUITests" */;
			buildPhases = (
				6BA3F87E2ED8BF5200EBE046 /* Sources */,
				6BA3F87F2ED8BF5200EBE046 /* Frameworks */,
				6BA3F8802ED8BF5200EBE046 /* Resources */,
			);
			buildRules = (
			);
			dependencies = (
				6BA3F8842ED8BF5200EBE046 /* PBXTargetDependency */,
			);
			name = PQPrototypeUITests;
			productName = PQPrototypeUITests;
			productReference = 6BA3F8822ED8BF5200EBE046 /* PQPrototypeUITests.xctest */;
			productType = "com.apple.product-type.bundle.ui-testing";
		};
/* End PBXNativeTarget section */

/* Begin PBXProject section */
		6BA3F85B2ED8BF4F00EBE046 /* Project object */ = {
			isa = PBXProject;
			attributes = {
				BuildIndependentTargetsInParallel = 1;
				LastSwiftUpdateCheck = 1520;
				LastUpgradeCheck = 1520;
				TargetAttributes = {
					6BA3F8622ED8BF4F00EBE046 = {
						CreatedOnToolsVersion = 15.2;
					};
					6BA3F8772ED8BF5200EBE046 = {
						CreatedOnToolsVersion = 15.2;
						TestTargetID = 6BA3F8622ED8BF4F00EBE046;
					};
					6BA3F8812ED8BF5200EBE046 = {
						CreatedOnToolsVersion = 15.2;
						TestTargetID = 6BA3F8622ED8BF4F00EBE046;
					};
				};
			};
			buildConfigurationList = 6BA3F85E2ED8BF4F00EBE046 /* Build configuration list for PBXProject "PQPrototype" */;
			compatibilityVersion = "Xcode 14.0";
			developmentRegion = en;
			hasScannedForEncodings = 0;
			knownRegions = (
				en,
				Base,
			);
			mainGroup = 6BA3F85A2ED8BF4F00EBE046;
			productRefGroup = 6BA3F8642ED8BF4F00EBE046 /* Products */;
			projectDirPath = "";
			projectRoot = "";
			targets = (
				6BA3F8622ED8BF4F00EBE046 /* PQPrototype */,
				6BA3F8772ED8BF5200EBE046 /* PQPrototypeTests */,
				6BA3F8812ED8BF5200EBE046 /* PQPrototypeUITests */,
			);
		};
/* End PBXProject section */

/* Begin PBXResourcesBuildPhase section */
		6BA3F8612ED8BF4F00EBE046 /* Resources */ = {
			isa = PBXResourcesBuildPhase;
			buildActionMask = 2147483647;
			files = (
				6BA3F86E2ED8BF5200EBE046 /* Preview Assets.xcassets in Resources */,
				6BA3F86B2ED8BF5200EBE046 /* Assets.xcassets in Resources */,
			);
			runOnlyForDeploymentPostprocessing = 0;
		};
		6BA3F8762ED8BF5200EBE046 /* Resources */ = {
			isa = PBXResourcesBuildPhase;
			buildActionMask = 2147483647;
			files = (
			);
			runOnlyForDeploymentPostprocessing = 0;
		};
		6BA3F8802ED8BF5200EBE046 /* Resources */ = {
			isa = PBXResourcesBuildPhase;
			buildActionMask = 2147483647;
			files = (
			);
			runOnlyForDeploymentPostprocessing = 0;
		};
/* End PBXResourcesBuildPhase section */

/* Begin PBXSourcesBuildPhase section */
		6BA3F85F2ED8BF4F00EBE046 /* Sources */ = {
			isa = PBXSourcesBuildPhase;
			buildActionMask = 2147483647;
			files = (
				6B7386AF2F1E53510076E77F /* Quest.swift in Sources */,
				6B7A48BA2F00370B002102FE /* LocationOccupationQuestTask+CoreDataClass.swift in Sources */,
				6B2152C22EE8511500188D31 /* LocationServices.swift in Sources */,
				6B9E6D482F31789F000C403D /* StagedButton.swift in Sources */,
				6B2152DE2EEB31FE00188D31 /* ScheduleManagerView.swift in Sources */,
				6B7386B32F1E539C0076E77F /* QuestReward+CoreDataProperties.swift in Sources */,
				6B2153232EEC2BEB00188D31 /* QuestView.swift in Sources */,
				6B2152D22EE8E75400188D31 /* CLCircularRegionTransformer.swift in Sources */,
				6B7A48C72F00CAA9002102FE /* Quest+CoreDataProperties.swift in Sources */,
				6B2153402EECEC0900188D31 /* ScheduleView.swift in Sources */,
				6B7386B22F1E539C0076E77F /* QuestReward+CoreDataClass.swift in Sources */,
				6B7A48D12F02E31F002102FE /* UIViewtoViewWrapper.swift in Sources */,
				6BA3F8702ED8BF5200EBE046 /* Persistence.swift in Sources */,
				6B21533B2EECBFF100188D31 /* Schedule+CoreDataClass.swift in Sources */,
				6B24FE3D2F1E59E9002B3042 /* QuestRewardManagerView.swift in Sources */,
				6B7A48CA2F019263002102FE /* Checkbox.swift in Sources */,
				6B21533C2EECBFF100188D31 /* Schedule+CoreDataProperties.swift in Sources */,
				6BA5CD662F2D974000D07596 /* DateCompare.swift in Sources */,
				6B7A48B72F0033C7002102FE /* QuestTask+CoreDataProperties.swift in Sources */,
				6BA3F8672ED8BF4F00EBE046 /* PQPrototypeApp.swift in Sources */,
				6BA3F8732ED8BF5200EBE046 /* PQPrototype.xcdatamodeld in Sources */,
				6BA5CD682F2E64B900D07596 /* WeekTransformer.swift in Sources */,
				6BA9DDC22F3CED8F00AF1B06 /* LocationOccupationQuestTask.swift in Sources */,
				6BA9DDBF2F3CEA2C00AF1B06 /* Quest2QuestV2.swift in Sources */,
				6B7A48C62F00CAA9002102FE /* Quest+CoreDataClass.swift in Sources */,
				6B7A48B62F0033C7002102FE /* QuestTask+CoreDataClass.swift in Sources */,
				6B2152E42EEB3C0900188D31 /* MainView.swift in Sources */,
				6B2152D62EEB261F00188D31 /* Week.swift in Sources */,
				6B7A48D72F04BDE5002102FE /* TextFieldOverload.swift in Sources */,
				6B7A48BB2F00370B002102FE /* LocationOccupationQuestTask+CoreDataProperties.swift in Sources */,
				6B7A48CF2F02E1D3002102FE /* LocationTaskView.swift in Sources */,
				6B7A48DF2F064EA3002102FE /* LocationTaskViewModel.swift in Sources */,
				6B7A48D32F04109E002102FE /* QuestTaskEditView.swift in Sources */,
				6BA9DDC62F3CEDC500AF1B06 /* QuestReward.swift in Sources */,
				6B7A48DC2F06163C002102FE /* Schedule.swift in Sources */,
				6B2152DC2EEB31F100188D31 /* QuestManagerView.swift in Sources */,
				6BA9DDC42F3CEDAC00AF1B06 /* QuestTask.swift in Sources */,
			);
			runOnlyForDeploymentPostprocessing = 0;
		};
		6BA3F8742ED8BF5200EBE046 /* Sources */ = {
			isa = PBXSourcesBuildPhase;
			buildActionMask = 2147483647;
			files = (
				6BA3F87D2ED8BF5200EBE046 /* PQPrototypeTests.swift in Sources */,
			);
			runOnlyForDeploymentPostprocessing = 0;
		};
		6BA3F87E2ED8BF5200EBE046 /* Sources */ = {
			isa = PBXSourcesBuildPhase;
			buildActionMask = 2147483647;
			files = (
				6BA3F8892ED8BF5200EBE046 /* PQPrototypeUITestsLaunchTests.swift in Sources */,
				6BA3F8872ED8BF5200EBE046 /* PQPrototypeUITests.swift in Sources */,
			);
			runOnlyForDeploymentPostprocessing = 0;
		};
/* End PBXSourcesBuildPhase section */

/* Begin PBXTargetDependency section */
		6BA3F87A2ED8BF5200EBE046 /* PBXTargetDependency */ = {
			isa = PBXTargetDependency;
			target = 6BA3F8622ED8BF4F00EBE046 /* PQPrototype */;
			targetProxy = 6BA3F8792ED8BF5200EBE046 /* PBXContainerItemProxy */;
		};
		6BA3F8842ED8BF5200EBE046 /* PBXTargetDependency */ = {
			isa = PBXTargetDependency;
			target = 6BA3F8622ED8BF4F00EBE046 /* PQPrototype */;
			targetProxy = 6BA3F8832ED8BF5200EBE046 /* PBXContainerItemProxy */;
		};
/* End PBXTargetDependency section */

/* Begin XCBuildConfiguration section */
		6BA3F88A2ED8BF5200EBE046 /* Debug */ = {
			isa = XCBuildConfiguration;
			buildSettings = {
				ALWAYS_SEARCH_USER_PATHS = NO;
				ASSETCATALOG_COMPILER_GENERATE_SWIFT_ASSET_SYMBOL_EXTENSIONS = YES;
				CLANG_ANALYZER_NONNULL = YES;
				CLANG_ANALYZER_NUMBER_OBJECT_CONVERSION = YES_AGGRESSIVE;
				CLANG_CXX_LANGUAGE_STANDARD = "gnu++20";
				CLANG_ENABLE_MODULES = YES;
				CLANG_ENABLE_OBJC_ARC = YES;
				CLANG_ENABLE_OBJC_WEAK = YES;
				CLANG_WARN_BLOCK_CAPTURE_AUTORELEASING = YES;
				CLANG_WARN_BOOL_CONVERSION = YES;
				CLANG_WARN_COMMA = YES;
				CLANG_WARN_CONSTANT_CONVERSION = YES;
				CLANG_WARN_DEPRECATED_OBJC_IMPLEMENTATIONS = YES;
				CLANG_WARN_DIRECT_OBJC_ISA_USAGE = YES_ERROR;
				CLANG_WARN_DOCUMENTATION_COMMENTS = YES;
				CLANG_WARN_EMPTY_BODY = YES;
				CLANG_WARN_ENUM_CONVERSION = YES;
				CLANG_WARN_INFINITE_RECURSION = YES;
				CLANG_WARN_INT_CONVERSION = YES;
				CLANG_WARN_NON_LITERAL_NULL_CONVERSION = YES;
				CLANG_WARN_OBJC_IMPLICIT_RETAIN_SELF = YES;
				CLANG_WARN_OBJC_LITERAL_CONVERSION = YES;
				CLANG_WARN_OBJC_ROOT_CLASS = YES_ERROR;
				CLANG_WARN_QUOTED_INCLUDE_IN_FRAMEWORK_HEADER = YES;
				CLANG_WARN_RANGE_LOOP_ANALYSIS = YES;
				CLANG_WARN_STRICT_PROTOTYPES = YES;
				CLANG_WARN_SUSPICIOUS_MOVE = YES;
				CLANG_WARN_UNGUARDED_AVAILABILITY = YES_AGGRESSIVE;
				CLANG_WARN_UNREACHABLE_CODE = YES;
				CLANG_WARN__DUPLICATE_METHOD_MATCH = YES;
				COPY_PHASE_STRIP = NO;
				DEBUG_INFORMATION_FORMAT = dwarf;
				ENABLE_STRICT_OBJC_MSGSEND = YES;
				ENABLE_TESTABILITY = YES;
				ENABLE_USER_SCRIPT_SANDBOXING = YES;
				GCC_C_LANGUAGE_STANDARD = gnu17;
				GCC_DYNAMIC_NO_PIC = NO;
				GCC_NO_COMMON_BLOCKS = YES;
				GCC_OPTIMIZATION_LEVEL = 0;
				GCC_PREPROCESSOR_DEFINITIONS = (
					"DEBUG=1",
					"$(inherited)",
				);
				GCC_WARN_64_TO_32_BIT_CONVERSION = YES;
				GCC_WARN_ABOUT_RETURN_TYPE = YES_ERROR;
				GCC_WARN_UNDECLARED_SELECTOR = YES;
				GCC_WARN_UNINITIALIZED_AUTOS = YES_AGGRESSIVE;
				GCC_WARN_UNUSED_FUNCTION = YES;
				GCC_WARN_UNUSED_VARIABLE = YES;
				IPHONEOS_DEPLOYMENT_TARGET = 15.5;
				LOCALIZATION_PREFERS_STRING_CATALOGS = YES;
				MTL_ENABLE_DEBUG_INFO = INCLUDE_SOURCE;
				MTL_FAST_MATH = YES;
				ONLY_ACTIVE_ARCH = YES;
				SDKROOT = iphoneos;
				SWIFT_ACTIVE_COMPILATION_CONDITIONS = "DEBUG $(inherited)";
				SWIFT_OPTIMIZATION_LEVEL = "-Onone";
			};
			name = Debug;
		};
		6BA3F88B2ED8BF5200EBE046 /* Release */ = {
			isa = XCBuildConfiguration;
			buildSettings = {
				ALWAYS_SEARCH_USER_PATHS = NO;
				ASSETCATALOG_COMPILER_GENERATE_SWIFT_ASSET_SYMBOL_EXTENSIONS = YES;
				CLANG_ANALYZER_NONNULL = YES;
				CLANG_ANALYZER_NUMBER_OBJECT_CONVERSION = YES_AGGRESSIVE;
				CLANG_CXX_LANGUAGE_STANDARD = "gnu++20";
				CLANG_ENABLE_MODULES = YES;
				CLANG_ENABLE_OBJC_ARC = YES;
				CLANG_ENABLE_OBJC_WEAK = YES;
				CLANG_WARN_BLOCK_CAPTURE_AUTORELEASING = YES;
				CLANG_WARN_BOOL_CONVERSION = YES;
				CLANG_WARN_COMMA = YES;
				CLANG_WARN_CONSTANT_CONVERSION = YES;
				CLANG_WARN_DEPRECATED_OBJC_IMPLEMENTATIONS = YES;
				CLANG_WARN_DIRECT_OBJC_ISA_USAGE = YES_ERROR;
				CLANG_WARN_DOCUMENTATION_COMMENTS = YES;
				CLANG_WARN_EMPTY_BODY = YES;
				CLANG_WARN_ENUM_CONVERSION = YES;
				CLANG_WARN_INFINITE_RECURSION = YES;
				CLANG_WARN_INT_CONVERSION = YES;
				CLANG_WARN_NON_LITERAL_NULL_CONVERSION = YES;
				CLANG_WARN_OBJC_IMPLICIT_RETAIN_SELF = YES;
				CLANG_WARN_OBJC_LITERAL_CONVERSION = YES;
				CLANG_WARN_OBJC_ROOT_CLASS = YES_ERROR;
				CLANG_WARN_QUOTED_INCLUDE_IN_FRAMEWORK_HEADER = YES;
				CLANG_WARN_RANGE_LOOP_ANALYSIS = YES;
				CLANG_WARN_STRICT_PROTOTYPES = YES;
				CLANG_WARN_SUSPICIOUS_MOVE = YES;
				CLANG_WARN_UNGUARDED_AVAILABILITY = YES_AGGRESSIVE;
				CLANG_WARN_UNREACHABLE_CODE = YES;
				CLANG_WARN__DUPLICATE_METHOD_MATCH = YES;
				COPY_PHASE_STRIP = NO;
				DEBUG_INFORMATION_FORMAT = "dwarf-with-dsym";
				ENABLE_NS_ASSERTIONS = NO;
				ENABLE_STRICT_OBJC_MSGSEND = YES;
				ENABLE_USER_SCRIPT_SANDBOXING = YES;
				GCC_C_LANGUAGE_STANDARD = gnu17;
				GCC_NO_COMMON_BLOCKS = YES;
				GCC_WARN_64_TO_32_BIT_CONVERSION = YES;
				GCC_WARN_ABOUT_RETURN_TYPE = YES_ERROR;
				GCC_WARN_UNDECLARED_SELECTOR = YES;
				GCC_WARN_UNINITIALIZED_AUTOS = YES_AGGRESSIVE;
				GCC_WARN_UNUSED_FUNCTION = YES;
				GCC_WARN_UNUSED_VARIABLE = YES;
				IPHONEOS_DEPLOYMENT_TARGET = 15.5;
				LOCALIZATION_PREFERS_STRING_CATALOGS = YES;
				MTL_ENABLE_DEBUG_INFO = NO;
				MTL_FAST_MATH = YES;
				SDKROOT = iphoneos;
				SWIFT_COMPILATION_MODE = wholemodule;
				VALIDATE_PRODUCT = YES;
			};
			name = Release;
		};
		6BA3F88D2ED8BF5200EBE046 /* Debug */ = {
			isa = XCBuildConfiguration;
			buildSettings = {
				ASSETCATALOG_COMPILER_APPICON_NAME = AppIcon;
				ASSETCATALOG_COMPILER_GLOBAL_ACCENT_COLOR_NAME = AccentColor;
				CODE_SIGN_STYLE = Automatic;
				CURRENT_PROJECT_VERSION = 1;
				DEVELOPMENT_ASSET_PATHS = "\"PQPrototype/Preview Content\"";
				DEVELOPMENT_TEAM = HFV3Y4HAKY;
				ENABLE_PREVIEWS = YES;
				GENERATE_INFOPLIST_FILE = YES;
				INFOPLIST_FILE = PQPrototype/Info.plist;
				INFOPLIST_KEY_NSLocationAlwaysAndWhenInUseUsageDescription = "";
				INFOPLIST_KEY_NSLocationWhenInUseUsageDescription = "";
				INFOPLIST_KEY_UIApplicationSceneManifest_Generation = YES;
				INFOPLIST_KEY_UIApplicationSupportsIndirectInputEvents = YES;
				INFOPLIST_KEY_UILaunchScreen_Generation = YES;
				INFOPLIST_KEY_UISupportedInterfaceOrientations = UIInterfaceOrientationPortrait;
				INFOPLIST_KEY_UISupportedInterfaceOrientations_iPad = "UIInterfaceOrientationLandscapeLeft UIInterfaceOrientationLandscapeRight UIInterfaceOrientationPortrait UIInterfaceOrientationPortraitUpsideDown";
				IPHONEOS_DEPLOYMENT_TARGET = 15.5;
				LD_RUNPATH_SEARCH_PATHS = (
					"$(inherited)",
					"@executable_path/Frameworks",
				);
				MARKETING_VERSION = 1.0;
				PRODUCT_BUNDLE_IDENTIFIER = williamhart.PQPrototype;
				PRODUCT_NAME = "$(TARGET_NAME)";
				SWIFT_EMIT_LOC_STRINGS = YES;
				SWIFT_VERSION = 5.0;
				TARGETED_DEVICE_FAMILY = "1,2";
			};
			name = Debug;
		};
		6BA3F88E2ED8BF5200EBE046 /* Release */ = {
			isa = XCBuildConfiguration;
			buildSettings = {
				ASSETCATALOG_COMPILER_APPICON_NAME = AppIcon;
				ASSETCATALOG_COMPILER_GLOBAL_ACCENT_COLOR_NAME = AccentColor;
				CODE_SIGN_STYLE = Automatic;
				CURRENT_PROJECT_VERSION = 1;
				DEVELOPMENT_ASSET_PATHS = "\"PQPrototype/Preview Content\"";
				DEVELOPMENT_TEAM = HFV3Y4HAKY;
				ENABLE_PREVIEWS = YES;
				GENERATE_INFOPLIST_FILE = YES;
				INFOPLIST_FILE = PQPrototype/Info.plist;
				INFOPLIST_KEY_NSLocationAlwaysAndWhenInUseUsageDescription = "";
				INFOPLIST_KEY_NSLocationWhenInUseUsageDescription = "";
				INFOPLIST_KEY_UIApplicationSceneManifest_Generation = YES;
				INFOPLIST_KEY_UIApplicationSupportsIndirectInputEvents = YES;
				INFOPLIST_KEY_UILaunchScreen_Generation = YES;
				INFOPLIST_KEY_UISupportedInterfaceOrientations = UIInterfaceOrientationPortrait;
				INFOPLIST_KEY_UISupportedInterfaceOrientations_iPad = "UIInterfaceOrientationLandscapeLeft UIInterfaceOrientationLandscapeRight UIInterfaceOrientationPortrait UIInterfaceOrientationPortraitUpsideDown";
				IPHONEOS_DEPLOYMENT_TARGET = 15.5;
				LD_RUNPATH_SEARCH_PATHS = (
					"$(inherited)",
					"@executable_path/Frameworks",
				);
				MARKETING_VERSION = 1.0;
				PRODUCT_BUNDLE_IDENTIFIER = williamhart.PQPrototype;
				PRODUCT_NAME = "$(TARGET_NAME)";
				SWIFT_EMIT_LOC_STRINGS = YES;
				SWIFT_VERSION = 5.0;
				TARGETED_DEVICE_FAMILY = "1,2";
			};
			name = Release;
		};
		6BA3F8902ED8BF5200EBE046 /* Debug */ = {
			isa = XCBuildConfiguration;
			buildSettings = {
				ALWAYS_EMBED_SWIFT_STANDARD_LIBRARIES = YES;
				BUNDLE_LOADER = "$(TEST_HOST)";
				CODE_SIGN_STYLE = Automatic;
				CURRENT_PROJECT_VERSION = 1;
				DEVELOPMENT_TEAM = HFV3Y4HAKY;
				GENERATE_INFOPLIST_FILE = YES;
				IPHONEOS_DEPLOYMENT_TARGET = 17.2;
				MARKETING_VERSION = 1.0;
				PRODUCT_BUNDLE_IDENTIFIER = williamhart.PQPrototypeTests;
				PRODUCT_NAME = "$(TARGET_NAME)";
				SWIFT_EMIT_LOC_STRINGS = NO;
				SWIFT_VERSION = 5.0;
				TARGETED_DEVICE_FAMILY = "1,2";
				TEST_HOST = "$(BUILT_PRODUCTS_DIR)/PQPrototype.app/$(BUNDLE_EXECUTABLE_FOLDER_PATH)/PQPrototype";
			};
			name = Debug;
		};
		6BA3F8912ED8BF5200EBE046 /* Release */ = {
			isa = XCBuildConfiguration;
			buildSettings = {
				ALWAYS_EMBED_SWIFT_STANDARD_LIBRARIES = YES;
				BUNDLE_LOADER = "$(TEST_HOST)";
				CODE_SIGN_STYLE = Automatic;
				CURRENT_PROJECT_VERSION = 1;
				DEVELOPMENT_TEAM = HFV3Y4HAKY;
				GENERATE_INFOPLIST_FILE = YES;
				IPHONEOS_DEPLOYMENT_TARGET = 17.2;
				MARKETING_VERSION = 1.0;
				PRODUCT_BUNDLE_IDENTIFIER = williamhart.PQPrototypeTests;
				PRODUCT_NAME = "$(TARGET_NAME)";
				SWIFT_EMIT_LOC_STRINGS = NO;
				SWIFT_VERSION = 5.0;
				TARGETED_DEVICE_FAMILY = "1,2";
				TEST_HOST = "$(BUILT_PRODUCTS_DIR)/PQPrototype.app/$(BUNDLE_EXECUTABLE_FOLDER_PATH)/PQPrototype";
			};
			name = Release;
		};
		6BA3F8932ED8BF5200EBE046 /* Debug */ = {
			isa = XCBuildConfiguration;
			buildSettings = {
				ALWAYS_EMBED_SWIFT_STANDARD_LIBRARIES = YES;
				CODE_SIGN_STYLE = Automatic;
				CURRENT_PROJECT_VERSION = 1;
				DEVELOPMENT_TEAM = HFV3Y4HAKY;
				GENERATE_INFOPLIST_FILE = YES;
				MARKETING_VERSION = 1.0;
				PRODUCT_BUNDLE_IDENTIFIER = williamhart.PQPrototypeUITests;
				PRODUCT_NAME = "$(TARGET_NAME)";
				SWIFT_EMIT_LOC_STRINGS = NO;
				SWIFT_VERSION = 5.0;
				TARGETED_DEVICE_FAMILY = "1,2";
				TEST_TARGET_NAME = PQPrototype;
			};
			name = Debug;
		};
		6BA3F8942ED8BF5200EBE046 /* Release */ = {
			isa = XCBuildConfiguration;
			buildSettings = {
				ALWAYS_EMBED_SWIFT_STANDARD_LIBRARIES = YES;
				CODE_SIGN_STYLE = Automatic;
				CURRENT_PROJECT_VERSION = 1;
				DEVELOPMENT_TEAM = HFV3Y4HAKY;
				GENERATE_INFOPLIST_FILE = YES;
				MARKETING_VERSION = 1.0;
				PRODUCT_BUNDLE_IDENTIFIER = williamhart.PQPrototypeUITests;
				PRODUCT_NAME = "$(TARGET_NAME)";
				SWIFT_EMIT_LOC_STRINGS = NO;
				SWIFT_VERSION = 5.0;
				TARGETED_DEVICE_FAMILY = "1,2";
				TEST_TARGET_NAME = PQPrototype;
			};
			name = Release;
		};
/* End XCBuildConfiguration section */

/* Begin XCConfigurationList section */
		6BA3F85E2ED8BF4F00EBE046 /* Build configuration list for PBXProject "PQPrototype" */ = {
			isa = XCConfigurationList;
			buildConfigurations = (
				6BA3F88A2ED8BF5200EBE046 /* Debug */,
				6BA3F88B2ED8BF5200EBE046 /* Release */,
			);
			defaultConfigurationIsVisible = 0;
			defaultConfigurationName = Release;
		};
		6BA3F88C2ED8BF5200EBE046 /* Build configuration list for PBXNativeTarget "PQPrototype" */ = {
			isa = XCConfigurationList;
			buildConfigurations = (
				6BA3F88D2ED8BF5200EBE046 /* Debug */,
				6BA3F88E2ED8BF5200EBE046 /* Release */,
			);
			defaultConfigurationIsVisible = 0;
			defaultConfigurationName = Release;
		};
		6BA3F88F2ED8BF5200EBE046 /* Build configuration list for PBXNativeTarget "PQPrototypeTests" */ = {
			isa = XCConfigurationList;
			buildConfigurations = (
				6BA3F8902ED8BF5200EBE046 /* Debug */,
				6BA3F8912ED8BF5200EBE046 /* Release */,
			);
			defaultConfigurationIsVisible = 0;
			defaultConfigurationName = Release;
		};
		6BA3F8922ED8BF5200EBE046 /* Build configuration list for PBXNativeTarget "PQPrototypeUITests" */ = {
			isa = XCConfigurationList;
			buildConfigurations = (
				6BA3F8932ED8BF5200EBE046 /* Debug */,
				6BA3F8942ED8BF5200EBE046 /* Release */,
			);
			defaultConfigurationIsVisible = 0;
			defaultConfigurationName = Release;
		};
/* End XCConfigurationList section */

/* Begin XCVersionGroup section */
		6BA3F8712ED8BF5200EBE046 /* PQPrototype.xcdatamodeld */ = {
			isa = XCVersionGroup;
			children = (
				6BA9DDBA2F3BA19C00AF1B06 /* PQPrototype 2.xcdatamodel */,
				6BA3F8722ED8BF5200EBE046 /* PQPrototype.xcdatamodel */,
			);
			currentVersion = 6BA3F8722ED8BF5200EBE046 /* PQPrototype.xcdatamodel */;
			path = PQPrototype.xcdatamodeld;
			sourceTree = "<group>";
			versionGroupType = wrapper.xcdatamodel;
		};
/* End XCVersionGroup section */
	};
	rootObject = 6BA3F85B2ED8BF4F00EBE046 /* Project object */;
}
